
Microsoft Visual Studio Solution File, Format Version 12.00
# Visual Studio Version 17
VisualStudioVersion = 17.9.34714.143
MinimumVisualStudioVersion = 10.0.40219.1
Project("{FAE04EC0-301F-11D3-BF4B-00C04F79EFBC}") = "halcon_sdk_demo", "halcon_sdk_demo.csproj", "{575D2112-8F2F-412E-BCD0-B387837AA56A}"
EndProject
Global
	GlobalSection(SolutionConfigurationPlatforms) = preSolution
		Debug|Any CPU = Debug|Any CPU
		Debug|x64 = Debug|x64
		Release|Any CPU = Release|Any CPU
		Release|x64 = Release|x64
	EndGlobalSection
	GlobalSection(ProjectConfigurationPlatforms) = postSolution
		{575D2112-8F2F-412E-BCD0-B387837AA56A}.Debug|Any CPU.ActiveCfg = Debug|Any CPU
		{575D2112-8F2F-412E-BCD0-B387837AA56A}.Debug|Any CPU.Build.0 = Debug|Any CPU
		{575D2112-8F2F-412E-BCD0-B387837AA56A}.Debug|x64.ActiveCfg = Debug|x64
		{575D2112-8F2F-412E-BCD0-B387837AA56A}.Debug|x64.Build.0 = Debug|x64
		{575D2112-8F2F-412E-BCD0-B387837AA56A}.Release|Any CPU.ActiveCfg = Release|Any CPU
		{575D2112-8F2F-412E-BCD0-B387837AA56A}.Release|Any CPU.Build.0 = Release|Any CPU
		{575D2112-8F2F-412E-BCD0-B387837AA56A}.Release|x64.ActiveCfg = Release|x64
		{575D2112-8F2F-412E-BCD0-B387837AA56A}.Release|x64.Build.0 = Release|x64
	EndGlobalSection
	GlobalSection(SolutionProperties) = preSolution
		HideSolutionNode = FALSE
	EndGlobalSection
	GlobalSection(ExtensibilityGlobals) = postSolution
		SolutionGuid = {1BF90CB3-6089-48FD-AA7F-C42446A4527E}
	EndGlobalSection
EndGlobal
