
Microsoft Visual Studio Solution File, Format Version 12.00
# Visual Studio Version 17
VisualStudioVersion = 17.10.35013.160
MinimumVisualStudioVersion = 10.0.40219.1
Project("{FAE04EC0-301F-11D3-BF4B-00C04F79EFBC}") = "classification", "classification\classification.csproj", "{E37A3EF5-391A-44D9-A8E9-15B6C2EFEC55}"
EndProject
Global
	GlobalSection(SolutionConfigurationPlatforms) = preSolution
		Debug|Any CPU = Debug|Any CPU
		Debug|x64 = Debug|x64
		Release|Any CPU = Release|Any CPU
		Release|x64 = Release|x64
	EndGlobalSection
	GlobalSection(ProjectConfigurationPlatforms) = postSolution
		{E37A3EF5-391A-44D9-A8E9-15B6C2EFEC55}.Debug|Any CPU.ActiveCfg = Debug|Any CPU
		{E37A3EF5-391A-44D9-A8E9-15B6C2EFEC55}.Debug|Any CPU.Build.0 = Debug|Any CPU
		{E37A3EF5-391A-44D9-A8E9-15B6C2EFEC55}.Debug|x64.ActiveCfg = Debug|x64
		{E37A3EF5-391A-44D9-A8E9-15B6C2EFEC55}.Debug|x64.Build.0 = Debug|x64
		{E37A3EF5-391A-44D9-A8E9-15B6C2EFEC55}.Release|Any CPU.ActiveCfg = Release|Any CPU
		{E37A3EF5-391A-44D9-A8E9-15B6C2EFEC55}.Release|Any CPU.Build.0 = Release|Any CPU
		{E37A3EF5-391A-44D9-A8E9-15B6C2EFEC55}.Release|x64.ActiveCfg = Release|x64
		{E37A3EF5-391A-44D9-A8E9-15B6C2EFEC55}.Release|x64.Build.0 = Release|x64
	EndGlobalSection
	GlobalSection(SolutionProperties) = preSolution
		HideSolutionNode = FALSE
	EndGlobalSection
	GlobalSection(ExtensibilityGlobals) = postSolution
		SolutionGuid = {2F063D9F-E5FE-4CDD-858B-A99665BC498E}
	EndGlobalSection
EndGlobal
