
Microsoft Visual Studio Solution File, Format Version 12.00
# Visual Studio Version 17
VisualStudioVersion = 17.13.35825.156 d17.13
MinimumVisualStudioVersion = 10.0.40219.1
Project("{FAE04EC0-301F-11D3-BF4B-00C04F79EFBC}") = "unsupervised_defect_segmentation", "unsupervised_defect_segmentation\unsupervised_defect_segmentation.csproj", "{A399B11C-C04B-44C2-825B-38AB61F458B0}"
EndProject
Global
	GlobalSection(SolutionConfigurationPlatforms) = preSolution
		Debug|Any CPU = Debug|Any CPU
		Debug|x64 = Debug|x64
		Release|Any CPU = Release|Any CPU
		Release|x64 = Release|x64
	EndGlobalSection
	GlobalSection(ProjectConfigurationPlatforms) = postSolution
		{A399B11C-C04B-44C2-825B-38AB61F458B0}.Debug|Any CPU.ActiveCfg = Debug|Any CPU
		{A399B11C-C04B-44C2-825B-38AB61F458B0}.Debug|Any CPU.Build.0 = Debug|Any CPU
		{A399B11C-C04B-44C2-825B-38AB61F458B0}.Debug|x64.ActiveCfg = Debug|x64
		{A399B11C-C04B-44C2-825B-38AB61F458B0}.Debug|x64.Build.0 = Debug|x64
		{A399B11C-C04B-44C2-825B-38AB61F458B0}.Release|Any CPU.ActiveCfg = Release|Any CPU
		{A399B11C-C04B-44C2-825B-38AB61F458B0}.Release|Any CPU.Build.0 = Release|Any CPU
		{A399B11C-C04B-44C2-825B-38AB61F458B0}.Release|x64.ActiveCfg = Release|x64
		{A399B11C-C04B-44C2-825B-38AB61F458B0}.Release|x64.Build.0 = Release|x64
	EndGlobalSection
	GlobalSection(SolutionProperties) = preSolution
		HideSolutionNode = FALSE
	EndGlobalSection
	GlobalSection(ExtensibilityGlobals) = postSolution
		SolutionGuid = {285D96D5-3A65-444C-A118-55003B1A2548}
	EndGlobalSection
EndGlobal
